
Microsoft Visual Studio Solution File, Format Version 11.00
# Visual Studio 2010
Project("{8BC9CEB8-8B4A-11D0-8D11-00A0C91BC942}") = "WRQ_ZDM", "ZwForWHRQY\ZwForWHRQY.vcxproj", "{698C732B-8F7C-4762-9DA3-D5A51F6265BB}"
EndProject
Project("{8BC9CEB8-8B4A-11D0-8D11-00A0C91BC942}") = "WRQ_GwDesign", "GwDesign\GwDesign.vcxproj", "{AE07A69F-1B57-4F2E-BF1A-34484F40AD63}"
EndProject
Project("{8BC9CEB8-8B4A-11D0-8D11-00A0C91BC942}") = "WRQ_Reactor", "WRQ_Reactor\WRQ_Reactor.vcxproj", "{4BDD4B9F-E17D-482E-8C17-3B7D80D2EF39}"
EndProject
Project("{8BC9CEB8-8B4A-11D0-8D11-00A0C91BC942}") = "WRQ_Entity", "WRQ_Entity\WRQ_Entity.vcxproj", "{040301B6-2BD7-45B7-9E32-32771921A46F}"
EndProject
Global
	GlobalSection(SolutionConfigurationPlatforms) = preSolution
		Debug|Win32 = Debug|Win32
		Debug|x64 = Debug|x64
		Release|Win32 = Release|Win32
		Release|x64 = Release|x64
	EndGlobalSection
	GlobalSection(ProjectConfigurationPlatforms) = postSolution
		{698C732B-8F7C-4762-9DA3-D5A51F6265BB}.Debug|Win32.ActiveCfg = Debug|Win32
		{698C732B-8F7C-4762-9DA3-D5A51F6265BB}.Debug|Win32.Build.0 = Debug|Win32
		{698C732B-8F7C-4762-9DA3-D5A51F6265BB}.Debug|x64.ActiveCfg = Debug|x64
		{698C732B-8F7C-4762-9DA3-D5A51F6265BB}.Debug|x64.Build.0 = Debug|x64
		{698C732B-8F7C-4762-9DA3-D5A51F6265BB}.Release|Win32.ActiveCfg = Release|Win32
		{698C732B-8F7C-4762-9DA3-D5A51F6265BB}.Release|Win32.Build.0 = Release|Win32
		{698C732B-8F7C-4762-9DA3-D5A51F6265BB}.Release|x64.ActiveCfg = Release|x64
		{698C732B-8F7C-4762-9DA3-D5A51F6265BB}.Release|x64.Build.0 = Release|x64
		{AE07A69F-1B57-4F2E-BF1A-34484F40AD63}.Debug|Win32.ActiveCfg = Debug|Win32
		{AE07A69F-1B57-4F2E-BF1A-34484F40AD63}.Debug|Win32.Build.0 = Debug|Win32
		{AE07A69F-1B57-4F2E-BF1A-34484F40AD63}.Debug|x64.ActiveCfg = Debug|x64
		{AE07A69F-1B57-4F2E-BF1A-34484F40AD63}.Debug|x64.Build.0 = Debug|x64
		{AE07A69F-1B57-4F2E-BF1A-34484F40AD63}.Release|Win32.ActiveCfg = Release|Win32
		{AE07A69F-1B57-4F2E-BF1A-34484F40AD63}.Release|Win32.Build.0 = Release|Win32
		{AE07A69F-1B57-4F2E-BF1A-34484F40AD63}.Release|x64.ActiveCfg = Release|Win32
		{4BDD4B9F-E17D-482E-8C17-3B7D80D2EF39}.Debug|Win32.ActiveCfg = Debug|Win32
		{4BDD4B9F-E17D-482E-8C17-3B7D80D2EF39}.Debug|Win32.Build.0 = Debug|Win32
		{4BDD4B9F-E17D-482E-8C17-3B7D80D2EF39}.Debug|x64.ActiveCfg = Debug|x64
		{4BDD4B9F-E17D-482E-8C17-3B7D80D2EF39}.Debug|x64.Build.0 = Debug|x64
		{4BDD4B9F-E17D-482E-8C17-3B7D80D2EF39}.Release|Win32.ActiveCfg = Release|Win32
		{4BDD4B9F-E17D-482E-8C17-3B7D80D2EF39}.Release|Win32.Build.0 = Release|Win32
		{4BDD4B9F-E17D-482E-8C17-3B7D80D2EF39}.Release|x64.ActiveCfg = Release|Win32
		{040301B6-2BD7-45B7-9E32-32771921A46F}.Debug|Win32.ActiveCfg = Debug|Win32
		{040301B6-2BD7-45B7-9E32-32771921A46F}.Debug|Win32.Build.0 = Debug|Win32
		{040301B6-2BD7-45B7-9E32-32771921A46F}.Debug|x64.ActiveCfg = Debug|x64
		{040301B6-2BD7-45B7-9E32-32771921A46F}.Debug|x64.Build.0 = Debug|x64
		{040301B6-2BD7-45B7-9E32-32771921A46F}.Release|Win32.ActiveCfg = Release|Win32
		{040301B6-2BD7-45B7-9E32-32771921A46F}.Release|Win32.Build.0 = Release|Win32
		{040301B6-2BD7-45B7-9E32-32771921A46F}.Release|x64.ActiveCfg = Release|Win32
	EndGlobalSection
	GlobalSection(SolutionProperties) = preSolution
		HideSolutionNode = FALSE
	EndGlobalSection
EndGlobal
