<?xml version="1.0" encoding="utf-8"?>
<Project ToolsVersion="4.0" xmlns="http://schemas.microsoft.com/developer/msbuild/2003">
  <ItemGroup>
    <Filter Include="Source Files">
      <UniqueIdentifier>{5619d4fd-ccac-4499-b5b8-f789e642bc7a}</UniqueIdentifier>
      <Extensions>cpp;c;cc;cxx;def;idl;odl</Extensions>
    </Filter>
    <Filter Include="Source Files\图框设置">
      <UniqueIdentifier>{798e11e1-4e98-4b25-9046-8ef323e52895}</UniqueIdentifier>
    </Filter>
    <Filter Include="Source Files\块">
      <UniqueIdentifier>{02ea8b8b-74e9-49c7-ac18-4ae796827b6f}</UniqueIdentifier>
    </Filter>
    <Filter Include="Source Files\基础数据">
      <UniqueIdentifier>{e55ec13d-a15f-4248-a8b2-baa6f9f9ea99}</UniqueIdentifier>
    </Filter>
    <Filter Include="Source Files\基础数据\操作标尺数据">
      <UniqueIdentifier>{7e72ca94-04fd-492c-a397-de8cd52437ea}</UniqueIdentifier>
    </Filter>
    <Filter Include="Source Files\纵断面">
      <UniqueIdentifier>{d32ab312-7267-4b2c-84c6-4cbbb6771b4d}</UniqueIdentifier>
    </Filter>
    <Filter Include="Source Files\纵断面\地面线">
      <UniqueIdentifier>{ea02ede6-7694-4c84-b7ab-656ce35a78b7}</UniqueIdentifier>
    </Filter>
    <Filter Include="Source Files\纵断面\燃气管道">
      <UniqueIdentifier>{c631c8cf-e863-4856-8e79-feedefcc9e3b}</UniqueIdentifier>
    </Filter>
    <Filter Include="Source Files\纵断面\标尺">
      <UniqueIdentifier>{f90de516-08c4-4a57-8d1e-b3dc111a2f66}</UniqueIdentifier>
    </Filter>
    <Filter Include="Source Files\对话框">
      <UniqueIdentifier>{c25f3b85-5092-4632-98c9-145dfc24f412}</UniqueIdentifier>
    </Filter>
    <Filter Include="Source Files\对话框\绘制警示带">
      <UniqueIdentifier>{a9cb2a70-2863-4252-85f5-aa24a1222f20}</UniqueIdentifier>
    </Filter>
    <Filter Include="Source Files\对话框\编辑桩号">
      <UniqueIdentifier>{815c5953-8153-4d7a-8336-28ade719fa52}</UniqueIdentifier>
    </Filter>
    <Filter Include="Include Files">
      <UniqueIdentifier>{792ceacc-af68-46fc-9a4b-cef1e406df2f}</UniqueIdentifier>
      <Extensions>h;hh;hxx</Extensions>
    </Filter>
    <Filter Include="Resource Files">
      <UniqueIdentifier>{f6b0709d-f07c-41c7-b647-62946eabc1a0}</UniqueIdentifier>
      <Extensions>rc;ico;bmp;cur;jpg;gif</Extensions>
    </Filter>
    <Filter Include="Miscellaneous Files">
      <UniqueIdentifier>{b4ebc3da-c2a6-48f2-8081-e9372177775e}</UniqueIdentifier>
      <Extensions>reg;rgs;mak;clw;vsdir;vsz;css;inf;vcproj;csproj</Extensions>
    </Filter>
    <Filter Include="Source Files\纵断面\阀门">
      <UniqueIdentifier>{5e15a48a-0f69-4abd-a2f1-5eeb665388d3}</UniqueIdentifier>
    </Filter>
    <Filter Include="Source Files\纵断面\障碍物">
      <UniqueIdentifier>{e489c1e4-8e8a-4ede-aba1-d6fc60cb55cd}</UniqueIdentifier>
    </Filter>
  </ItemGroup>
  <ItemGroup>
    <ClCompile Include="acrxEntryPoint.cpp">
      <Filter>Source Files</Filter>
    </ClCompile>
    <ClCompile Include="DocData.cpp">
      <Filter>Source Files</Filter>
    </ClCompile>
    <ClCompile Include="StdAfx.cpp">
      <Filter>Source Files</Filter>
    </ClCompile>
    <ClCompile Include="ZwForWHRQY.cpp">
      <Filter>Source Files</Filter>
    </ClCompile>
    <ClCompile Include="DlgTKSZ.cpp">
      <Filter>Source Files\图框设置</Filter>
    </ClCompile>
    <ClCompile Include="BlkInfo.cpp">
      <Filter>Source Files\块</Filter>
    </ClCompile>
    <ClCompile Include="BlkJig.cpp">
      <Filter>Source Files\块</Filter>
    </ClCompile>
    <ClCompile Include="DlgInsertOther.cpp">
      <Filter>Source Files\块</Filter>
    </ClCompile>
    <ClCompile Include="MakeBlkFile.cpp">
      <Filter>Source Files\块</Filter>
    </ClCompile>
    <ClCompile Include="BcUtils.cpp">
      <Filter>Source Files\基础数据\操作标尺数据</Filter>
    </ClCompile>
    <ClCompile Include="DrawZDM.cpp">
      <Filter>Source Files\纵断面</Filter>
    </ClCompile>
    <ClCompile Include="ZdmDataInfo.cpp">
      <Filter>Source Files\纵断面</Filter>
    </ClCompile>
    <ClCompile Include="DrawDMXProcess.cpp">
      <Filter>Source Files\纵断面\地面线</Filter>
    </ClCompile>
    <ClCompile Include="StartDrawRQGD.cpp">
      <Filter>Source Files\纵断面\燃气管道</Filter>
    </ClCompile>
    <ClCompile Include="BiaochiInfo.cpp">
      <Filter>Source Files\纵断面\标尺</Filter>
    </ClCompile>
    <ClCompile Include="DrawBiaochi.cpp">
      <Filter>Source Files\纵断面\标尺</Filter>
    </ClCompile>
    <ClCompile Include="DlgDrawJSD.cpp">
      <Filter>Source Files\对话框\绘制警示带</Filter>
    </ClCompile>
    <ClCompile Include="CDlgEditZhuangHao.cpp">
      <Filter>Source Files\对话框\编辑桩号</Filter>
    </ClCompile>
    <ClCompile Include="DlgDisplayText.cpp">
      <Filter>Source Files\纵断面\障碍物</Filter>
    </ClCompile>
    <ClCompile Include="DlgObstacle.cpp">
      <Filter>Source Files\纵断面\障碍物</Filter>
    </ClCompile>
    <ClCompile Include="DrawObstacle.cpp">
      <Filter>Source Files\纵断面\障碍物</Filter>
    </ClCompile>
    <ClCompile Include="DrawFM.cpp">
      <Filter>Source Files\纵断面\阀门</Filter>
    </ClCompile>
    <ClCompile Include="ObjectToNotify.cpp">
      <Filter>Source Files\纵断面\阀门</Filter>
    </ClCompile>
  </ItemGroup>
  <ItemGroup>
    <ClInclude Include="DlgTKSZ.h">
      <Filter>Source Files\图框设置</Filter>
    </ClInclude>
    <ClInclude Include="BlkInfo.h">
      <Filter>Source Files\块</Filter>
    </ClInclude>
    <ClInclude Include="BlkJig.h">
      <Filter>Source Files\块</Filter>
    </ClInclude>
    <ClInclude Include="DlgInsertOther.h">
      <Filter>Source Files\块</Filter>
    </ClInclude>
    <ClInclude Include="MakeBlkFile.h">
      <Filter>Source Files\块</Filter>
    </ClInclude>
    <ClInclude Include="BcUtils.h">
      <Filter>Source Files\基础数据\操作标尺数据</Filter>
    </ClInclude>
    <ClInclude Include="DrawZDM.h">
      <Filter>Source Files\纵断面</Filter>
    </ClInclude>
    <ClInclude Include="ZdmDataInfo.h">
      <Filter>Source Files\纵断面</Filter>
    </ClInclude>
    <ClInclude Include="DrawDMXProcess.h">
      <Filter>Source Files\纵断面\地面线</Filter>
    </ClInclude>
    <ClInclude Include="StartDrawRQGD.h">
      <Filter>Source Files\纵断面\燃气管道</Filter>
    </ClInclude>
    <ClInclude Include="BiaochiInfo.h">
      <Filter>Source Files\纵断面\标尺</Filter>
    </ClInclude>
    <ClInclude Include="DrawBiaochi.h">
      <Filter>Source Files\纵断面\标尺</Filter>
    </ClInclude>
    <ClInclude Include="DlgDrawJSD.h">
      <Filter>Source Files\对话框\绘制警示带</Filter>
    </ClInclude>
    <ClInclude Include="CDlgEditZhuangHao.h">
      <Filter>Source Files\对话框\编辑桩号</Filter>
    </ClInclude>
    <ClInclude Include="DocData.h">
      <Filter>Include Files</Filter>
    </ClInclude>
    <ClInclude Include="Resource.h">
      <Filter>Include Files</Filter>
    </ClInclude>
    <ClInclude Include="StdAfx.h">
      <Filter>Include Files</Filter>
    </ClInclude>
    <ClInclude Include="DlgDisplayText.h">
      <Filter>Source Files\纵断面\障碍物</Filter>
    </ClInclude>
    <ClInclude Include="DlgObstacle.h">
      <Filter>Source Files\纵断面\障碍物</Filter>
    </ClInclude>
    <ClInclude Include="DrawObstacle.h">
      <Filter>Source Files\纵断面\障碍物</Filter>
    </ClInclude>
    <ClInclude Include="DrawFM.h">
      <Filter>Source Files\纵断面\阀门</Filter>
    </ClInclude>
    <ClInclude Include="ObjectToNotify.h">
      <Filter>Source Files\纵断面\阀门</Filter>
    </ClInclude>
  </ItemGroup>
  <ItemGroup>
    <ResourceCompile Include="ZwForWHRQY.rc">
      <Filter>Resource Files</Filter>
    </ResourceCompile>
  </ItemGroup>
</Project>