<?xml version="1.0" encoding="utf-8"?>
<Project ToolsVersion="4.0" xmlns="http://schemas.microsoft.com/developer/msbuild/2003">
  <ItemGroup>
    <Filter Include="Source Files">
      <UniqueIdentifier>{93daacae-7b76-42f4-ac7d-46f241cbcdbd}</UniqueIdentifier>
      <Extensions>cpp;c;cc;cxx;def;idl;odl</Extensions>
    </Filter>
    <Filter Include="Source Files\code">
      <UniqueIdentifier>{0f70c181-2ed6-4728-91cd-6f77ffdd05b5}</UniqueIdentifier>
    </Filter>
    <Filter Include="Include Files">
      <UniqueIdentifier>{d0286241-9754-4701-8f98-eab5416488f6}</UniqueIdentifier>
      <Extensions>h;hh;hxx</Extensions>
    </Filter>
    <Filter Include="Resource Files">
      <UniqueIdentifier>{a4e09515-c3cf-4e2f-b9c4-931b7a5bad83}</UniqueIdentifier>
      <Extensions>rc;ico;bmp;cur;jpg;gif</Extensions>
    </Filter>
    <Filter Include="Miscellaneous Files">
      <UniqueIdentifier>{76445f04-c856-425d-9f01-a8a17b75c579}</UniqueIdentifier>
      <Extensions>reg;rgs;mak;clw;vsdir;vsz;css;inf;vcproj;csproj</Extensions>
    </Filter>
  </ItemGroup>
  <ItemGroup>
    <ClCompile Include="acrxEntryPoint.cpp">
      <Filter>Source Files</Filter>
    </ClCompile>
    <ClCompile Include="DocData.cpp">
      <Filter>Source Files</Filter>
    </ClCompile>
    <ClCompile Include="MyBaseDLL.cpp">
      <Filter>Source Files</Filter>
    </ClCompile>
    <ClCompile Include="StdAfx.cpp">
      <Filter>Source Files</Filter>
    </ClCompile>
    <ClCompile Include="code\AcadStr.cpp">
      <Filter>Source Files\code</Filter>
    </ClCompile>
    <ClCompile Include="code\ArxDbgReferenceFiler.cpp">
      <Filter>Source Files\code</Filter>
    </ClCompile>
    <ClCompile Include="code\IniFile.cpp">
      <Filter>Source Files\code</Filter>
    </ClCompile>
    <ClCompile Include="code\MyBaseRbList.cpp">
      <Filter>Source Files\code</Filter>
    </ClCompile>
    <ClCompile Include="code\MyBaseUtils.cpp">
      <Filter>Source Files\code</Filter>
    </ClCompile>
    <ClCompile Include="code\MyBaseUtilsSymTbl.cpp">
      <Filter>Source Files\code</Filter>
    </ClCompile>
    <ClCompile Include="code\MyBaseXdata.cpp">
      <Filter>Source Files\code</Filter>
    </ClCompile>
    <ClCompile Include="code\MyDrag.cpp">
      <Filter>Source Files\code</Filter>
    </ClCompile>
    <ClCompile Include="code\MyDrawEntity.cpp">
      <Filter>Source Files\code</Filter>
    </ClCompile>
    <ClCompile Include="code\MyEditEntity.cpp">
      <Filter>Source Files\code</Filter>
    </ClCompile>
    <ClCompile Include="code\MySymble.cpp">
      <Filter>Source Files\code</Filter>
    </ClCompile>
    <ClCompile Include="code\MyTransFunc.cpp">
      <Filter>Source Files\code</Filter>
    </ClCompile>
    <ClCompile Include="code\OperateReg.cpp">
      <Filter>Source Files\code</Filter>
    </ClCompile>
    <ClCompile Include="code\ArxDbgUtilsDb.cpp">
      <Filter>Source Files\code</Filter>
    </ClCompile>
    <ClCompile Include="code\MybaseUtilsDict.cpp">
      <Filter>Source Files\code</Filter>
    </ClCompile>
    <ClCompile Include="code\Global.cpp">
      <Filter>Source Files\code</Filter>
    </ClCompile>
    <ClCompile Include="code\MyOperateFile.cpp">
      <Filter>Source Files\code</Filter>
    </ClCompile>
    <ClCompile Include="code\WriteLog.cpp">
      <Filter>Source Files\code</Filter>
    </ClCompile>
    <ClCompile Include="code\GraphBlockViewWnd.cpp">
      <Filter>Source Files\code</Filter>
    </ClCompile>
    <ClCompile Include="code\GraphListCtrl.cpp">
      <Filter>Source Files\code</Filter>
    </ClCompile>
    <ClCompile Include="code\GraphTitleTip.cpp">
      <Filter>Source Files\code</Filter>
    </ClCompile>
    <ClCompile Include="code\GsMPCtrl.cpp">
      <Filter>Source Files\code</Filter>
    </ClCompile>
    <ClCompile Include="code\MyLayout.cpp">
      <Filter>Source Files\code</Filter>
    </ClCompile>
    <ClCompile Include="code\MyParserString.cpp">
      <Filter>Source Files\code</Filter>
    </ClCompile>
  </ItemGroup>
  <ItemGroup>
    <ClInclude Include="code\AcadStr.h">
      <Filter>Source Files\code</Filter>
    </ClInclude>
    <ClInclude Include="code\ArxDbgReferenceFiler.h">
      <Filter>Source Files\code</Filter>
    </ClInclude>
    <ClInclude Include="code\IniFile.h">
      <Filter>Source Files\code</Filter>
    </ClInclude>
    <ClInclude Include="code\MyBase.h">
      <Filter>Source Files\code</Filter>
    </ClInclude>
    <ClInclude Include="code\MyBaseRbList.h">
      <Filter>Source Files\code</Filter>
    </ClInclude>
    <ClInclude Include="code\MyBaseUtils.h">
      <Filter>Source Files\code</Filter>
    </ClInclude>
    <ClInclude Include="code\MyBaseXdata.h">
      <Filter>Source Files\code</Filter>
    </ClInclude>
    <ClInclude Include="code\MyDrag.h">
      <Filter>Source Files\code</Filter>
    </ClInclude>
    <ClInclude Include="code\MyDrawEntity.h">
      <Filter>Source Files\code</Filter>
    </ClInclude>
    <ClInclude Include="code\MyEditEntity.h">
      <Filter>Source Files\code</Filter>
    </ClInclude>
    <ClInclude Include="code\MySymble.h">
      <Filter>Source Files\code</Filter>
    </ClInclude>
    <ClInclude Include="code\MyTransFunc.h">
      <Filter>Source Files\code</Filter>
    </ClInclude>
    <ClInclude Include="code\OperateReg.h">
      <Filter>Source Files\code</Filter>
    </ClInclude>
    <ClInclude Include="DocData.h">
      <Filter>Include Files</Filter>
    </ClInclude>
    <ClInclude Include="Resource.h">
      <Filter>Include Files</Filter>
    </ClInclude>
    <ClInclude Include="StdAfx.h">
      <Filter>Include Files</Filter>
    </ClInclude>
    <ClInclude Include="code\Global.h">
      <Filter>Source Files\code</Filter>
    </ClInclude>
    <ClInclude Include="code\MyOperateFile.h">
      <Filter>Source Files\code</Filter>
    </ClInclude>
    <ClInclude Include="code\WriteLog.h">
      <Filter>Source Files\code</Filter>
    </ClInclude>
    <ClInclude Include="code\GraphBlockViewWnd.h">
      <Filter>Source Files\code</Filter>
    </ClInclude>
    <ClInclude Include="code\GraphListCtrl.h">
      <Filter>Source Files\code</Filter>
    </ClInclude>
    <ClInclude Include="code\GraphTitleTip.h">
      <Filter>Source Files\code</Filter>
    </ClInclude>
    <ClInclude Include="code\GsMPCtrl.h">
      <Filter>Source Files\code</Filter>
    </ClInclude>
    <ClInclude Include="code\MyLayout.h">
      <Filter>Source Files\code</Filter>
    </ClInclude>
    <ClInclude Include="code\MyParserString.h">
      <Filter>Source Files\code</Filter>
    </ClInclude>
    <ClInclude Include="code\rxdebug.h">
      <Filter>Source Files\code</Filter>
    </ClInclude>
  </ItemGroup>
  <ItemGroup>
    <ResourceCompile Include="MyBaseDLL.rc">
      <Filter>Resource Files</Filter>
    </ResourceCompile>
  </ItemGroup>
  <ItemGroup>
    <None Include="code\idi_cros.cur">
      <Filter>Source Files\code</Filter>
    </None>
    <None Include="code\idi_orbi.cur">
      <Filter>Source Files\code</Filter>
    </None>
    <None Include="code\idi_pan.cur">
      <Filter>Source Files\code</Filter>
    </None>
    <None Include="code\idi_zoom.cur">
      <Filter>Source Files\code</Filter>
    </None>
  </ItemGroup>
</Project>